
Microsoft Visual Studio Solution File, Format Version 12.00
# Visual Studio Version 16
VisualStudioVersion = 16.0.31205.134
MinimumVisualStudioVersion = 10.0.40219.1
Project("{2150E333-8FDC-42A3-9474-1A3956D46DE8}") = "src", "src", "{2CDACAF3-F9E4-44A6-B6C2-E47CA8B2119A}"
EndProject
Project("{2150E333-8FDC-42A3-9474-1A3956D46DE8}") = "Tests", "Tests", "{EBB248CB-CC94-475B-B220-C157DC44730D}"
EndProject
Project("{2150E333-8FDC-42A3-9474-1A3956D46DE8}") = "Services", "Services", "{8F60A7BF-DA72-4F73-9692-D2FF470D5367}"
EndProject
Project("{2150E333-8FDC-42A3-9474-1A3956D46DE8}") = "BlazorServer", "BlazorServer", "{736B9E42-48D1-4316-A89C-41E10B96C391}"
EndProject
Project("{2150E333-8FDC-42A3-9474-1A3956D46DE8}") = "Presentations", "Presentations", "{41664E1D-8283-479D-806B-AA1785AF6001}"
EndProject
Project("{2150E333-8FDC-42A3-9474-1A3956D46DE8}") = "Identity", "Identity", "{92C8A123-80C8-48A2-BFDD-B70198113C98}"
EndProject
Project("{9A19103F-16F7-4668-BE54-9A1E7A4F7556}") = "Leanheat.Identity.API", "Leanheat.Identity.API\Leanheat.Identity.API.csproj", "{92BB4EE8-77A0-4A7A-88B7-F61BC61BE732}"
EndProject
Project("{9A19103F-16F7-4668-BE54-9A1E7A4F7556}") = "Leanheat.Common", "Leanheat.Common\Leanheat.Common.csproj", "{8BF6174E-FBBC-4953-A2E0-5CAC22618EFD}"
EndProject
Project("{9A19103F-16F7-4668-BE54-9A1E7A4F7556}") = "Leanheat.Blazor.Server", "Leanheat.Blazor\Server\Leanheat.Blazor.Server.csproj", "{92D8C5C6-7C4B-4BD2-B2ED-50FEACAFF704}"
EndProject
Project("{9A19103F-16F7-4668-BE54-9A1E7A4F7556}") = "Leanheat.Blazor.Client", "Leanheat.Blazor\Client\Leanheat.Blazor.Client.csproj", "{AE32BCB7-3B92-41A0-9928-18866A73B3E3}"
EndProject
Project("{9A19103F-16F7-4668-BE54-9A1E7A4F7556}") = "Leanheat.Blazor.Shared", "Leanheat.Blazor\Shared\Leanheat.Blazor.Shared.csproj", "{BC4FCD2D-068A-405C-8710-A3A3CD70F73A}"
EndProject
Project("{888888A0-9F3D-457C-B088-3A5042F75D52}") = "Leanheat.Python", "Leanheat.Python\Leanheat.Python.pyproj", "{A67608C0-2C7D-4581-A8EC-A0087010CFDA}"
EndProject
Project("{2150E333-8FDC-42A3-9474-1A3956D46DE8}") = "TemperaturePrediction", "TemperaturePrediction", "{101571E9-A5D9-453A-BDA9-9C9C78851090}"
EndProject
Project("{9A19103F-16F7-4668-BE54-9A1E7A4F7556}") = "Leanheat.Temperature.Prediction.API", "Leanheat.Temperature.Prediction.API\Leanheat.Temperature.Prediction.API.csproj", "{1A5C6085-397B-4F08-BBC6-25A58AC63672}"
EndProject
Project("{2150E333-8FDC-42A3-9474-1A3956D46DE8}") = "Python", "Python", "{13F70F1E-0081-4A75-BBC6-3FF1ADBCE37E}"
EndProject
Project("{9A19103F-16F7-4668-BE54-9A1E7A4F7556}") = "Leanheat.Temperature.Prediction.API.Application", "Leanheat.Temperature.Prediction.API.Application\Leanheat.Temperature.Prediction.API.Application.csproj", "{67A54E8A-A82A-480F-8186-6CB37A201AF2}"
EndProject
Project("{9A19103F-16F7-4668-BE54-9A1E7A4F7556}") = "Leanheat.Temperature.Prediction.API.Domain", "Leanheat.Temperature.Prediction.API.Domain\Leanheat.Temperature.Prediction.API.Domain.csproj", "{F5BAB465-B3D2-46DB-87C4-3D6599A63059}"
EndProject
Project("{2150E333-8FDC-42A3-9474-1A3956D46DE8}") = "Infrastructure", "Infrastructure", "{DF8AC137-BB67-439C-92F6-C5608E8FAAF9}"
EndProject
Project("{9A19103F-16F7-4668-BE54-9A1E7A4F7556}") = "Leanheat.Temperature.Prediction.API.Persistence", "Leanheat.Temperature.Prediction.API.Persistence\Leanheat.Temperature.Prediction.API.Persistence.csproj", "{99CDCD2A-E1FD-493A-BCDC-4A0179BD179E}"
EndProject
Project("{9A19103F-16F7-4668-BE54-9A1E7A4F7556}") = "Leanheat.Temperature.Prediction.API.Query", "Leanheat.Temperature.Prediction.API.Query\Leanheat.Temperature.Prediction.API.Query.csproj", "{8D18A68E-A397-401B-96E1-B6945703B329}"
EndProject
Project("{9A19103F-16F7-4668-BE54-9A1E7A4F7556}") = "Leanheat.Temperature.Prediction.API.Repository", "Leanheat.Temperature.Prediction.API.Repository\Leanheat.Temperature.Prediction.API.Repository.csproj", "{EA863F9A-E447-40FE-9F65-58EFE19AD728}"
EndProject
Project("{2150E333-8FDC-42A3-9474-1A3956D46DE8}") = "Core", "Core", "{C23D1DDF-2A3B-4000-BB42-A51260624848}"
EndProject
Project("{2150E333-8FDC-42A3-9474-1A3956D46DE8}") = "API", "API", "{6E9EFB97-56E4-4070-B38E-1C2C540F07BC}"
EndProject
Project("{FAE04EC0-301F-11D3-BF4B-00C04F79EFBC}") = "Leanheat.Blazor.Server.Application", "Leanheat.Blazor.Server.Application\Leanheat.Blazor.Server.Application.csproj", "{3D0D0EB5-3481-43BE-B075-6AC4EB99FB7B}"
EndProject
Project("{2150E333-8FDC-42A3-9474-1A3956D46DE8}") = "Core", "Core", "{AB1413F0-5E2B-4666-AE7B-8272C9175329}"
EndProject
Project("{2150E333-8FDC-42A3-9474-1A3956D46DE8}") = "Infrastructure", "Infrastructure", "{01C32C77-FD2B-4E0F-8034-93ED49B6158D}"
EndProject
Project("{2150E333-8FDC-42A3-9474-1A3956D46DE8}") = "Server", "Server", "{26AD865E-87CF-406D-A562-CDE028BA4BF4}"
EndProject
Project("{FAE04EC0-301F-11D3-BF4B-00C04F79EFBC}") = "Leanheat.Blazor.Server.Domain", "Leanheat.Blazor.Server.Domain\Leanheat.Blazor.Server.Domain.csproj", "{DB801BB2-1A26-42D6-A80F-29FD7A9EEDCE}"
EndProject
Global
	GlobalSection(SolutionConfigurationPlatforms) = preSolution
		Debug|Any CPU = Debug|Any CPU
		Release|Any CPU = Release|Any CPU
	EndGlobalSection
	GlobalSection(ProjectConfigurationPlatforms) = postSolution
		{92BB4EE8-77A0-4A7A-88B7-F61BC61BE732}.Debug|Any CPU.ActiveCfg = Debug|Any CPU
		{92BB4EE8-77A0-4A7A-88B7-F61BC61BE732}.Debug|Any CPU.Build.0 = Debug|Any CPU
		{92BB4EE8-77A0-4A7A-88B7-F61BC61BE732}.Release|Any CPU.ActiveCfg = Release|Any CPU
		{92BB4EE8-77A0-4A7A-88B7-F61BC61BE732}.Release|Any CPU.Build.0 = Release|Any CPU
		{8BF6174E-FBBC-4953-A2E0-5CAC22618EFD}.Debug|Any CPU.ActiveCfg = Debug|Any CPU
		{8BF6174E-FBBC-4953-A2E0-5CAC22618EFD}.Debug|Any CPU.Build.0 = Debug|Any CPU
		{8BF6174E-FBBC-4953-A2E0-5CAC22618EFD}.Release|Any CPU.ActiveCfg = Release|Any CPU
		{8BF6174E-FBBC-4953-A2E0-5CAC22618EFD}.Release|Any CPU.Build.0 = Release|Any CPU
		{92D8C5C6-7C4B-4BD2-B2ED-50FEACAFF704}.Debug|Any CPU.ActiveCfg = Debug|Any CPU
		{92D8C5C6-7C4B-4BD2-B2ED-50FEACAFF704}.Debug|Any CPU.Build.0 = Debug|Any CPU
		{92D8C5C6-7C4B-4BD2-B2ED-50FEACAFF704}.Release|Any CPU.ActiveCfg = Release|Any CPU
		{92D8C5C6-7C4B-4BD2-B2ED-50FEACAFF704}.Release|Any CPU.Build.0 = Release|Any CPU
		{AE32BCB7-3B92-41A0-9928-18866A73B3E3}.Debug|Any CPU.ActiveCfg = Debug|Any CPU
		{AE32BCB7-3B92-41A0-9928-18866A73B3E3}.Debug|Any CPU.Build.0 = Debug|Any CPU
		{AE32BCB7-3B92-41A0-9928-18866A73B3E3}.Release|Any CPU.ActiveCfg = Release|Any CPU
		{AE32BCB7-3B92-41A0-9928-18866A73B3E3}.Release|Any CPU.Build.0 = Release|Any CPU
		{BC4FCD2D-068A-405C-8710-A3A3CD70F73A}.Debug|Any CPU.ActiveCfg = Debug|Any CPU
		{BC4FCD2D-068A-405C-8710-A3A3CD70F73A}.Debug|Any CPU.Build.0 = Debug|Any CPU
		{BC4FCD2D-068A-405C-8710-A3A3CD70F73A}.Release|Any CPU.ActiveCfg = Release|Any CPU
		{BC4FCD2D-068A-405C-8710-A3A3CD70F73A}.Release|Any CPU.Build.0 = Release|Any CPU
		{A67608C0-2C7D-4581-A8EC-A0087010CFDA}.Debug|Any CPU.ActiveCfg = Debug|Any CPU
		{A67608C0-2C7D-4581-A8EC-A0087010CFDA}.Release|Any CPU.ActiveCfg = Release|Any CPU
		{1A5C6085-397B-4F08-BBC6-25A58AC63672}.Debug|Any CPU.ActiveCfg = Debug|Any CPU
		{1A5C6085-397B-4F08-BBC6-25A58AC63672}.Debug|Any CPU.Build.0 = Debug|Any CPU
		{1A5C6085-397B-4F08-BBC6-25A58AC63672}.Release|Any CPU.ActiveCfg = Release|Any CPU
		{1A5C6085-397B-4F08-BBC6-25A58AC63672}.Release|Any CPU.Build.0 = Release|Any CPU
		{67A54E8A-A82A-480F-8186-6CB37A201AF2}.Debug|Any CPU.ActiveCfg = Debug|Any CPU
		{67A54E8A-A82A-480F-8186-6CB37A201AF2}.Debug|Any CPU.Build.0 = Debug|Any CPU
		{67A54E8A-A82A-480F-8186-6CB37A201AF2}.Release|Any CPU.ActiveCfg = Release|Any CPU
		{67A54E8A-A82A-480F-8186-6CB37A201AF2}.Release|Any CPU.Build.0 = Release|Any CPU
		{F5BAB465-B3D2-46DB-87C4-3D6599A63059}.Debug|Any CPU.ActiveCfg = Debug|Any CPU
		{F5BAB465-B3D2-46DB-87C4-3D6599A63059}.Debug|Any CPU.Build.0 = Debug|Any CPU
		{F5BAB465-B3D2-46DB-87C4-3D6599A63059}.Release|Any CPU.ActiveCfg = Release|Any CPU
		{F5BAB465-B3D2-46DB-87C4-3D6599A63059}.Release|Any CPU.Build.0 = Release|Any CPU
		{99CDCD2A-E1FD-493A-BCDC-4A0179BD179E}.Debug|Any CPU.ActiveCfg = Debug|Any CPU
		{99CDCD2A-E1FD-493A-BCDC-4A0179BD179E}.Debug|Any CPU.Build.0 = Debug|Any CPU
		{99CDCD2A-E1FD-493A-BCDC-4A0179BD179E}.Release|Any CPU.ActiveCfg = Release|Any CPU
		{99CDCD2A-E1FD-493A-BCDC-4A0179BD179E}.Release|Any CPU.Build.0 = Release|Any CPU
		{8D18A68E-A397-401B-96E1-B6945703B329}.Debug|Any CPU.ActiveCfg = Debug|Any CPU
		{8D18A68E-A397-401B-96E1-B6945703B329}.Debug|Any CPU.Build.0 = Debug|Any CPU
		{8D18A68E-A397-401B-96E1-B6945703B329}.Release|Any CPU.ActiveCfg = Release|Any CPU
		{8D18A68E-A397-401B-96E1-B6945703B329}.Release|Any CPU.Build.0 = Release|Any CPU
		{EA863F9A-E447-40FE-9F65-58EFE19AD728}.Debug|Any CPU.ActiveCfg = Debug|Any CPU
		{EA863F9A-E447-40FE-9F65-58EFE19AD728}.Debug|Any CPU.Build.0 = Debug|Any CPU
		{EA863F9A-E447-40FE-9F65-58EFE19AD728}.Release|Any CPU.ActiveCfg = Release|Any CPU
		{EA863F9A-E447-40FE-9F65-58EFE19AD728}.Release|Any CPU.Build.0 = Release|Any CPU
		{3D0D0EB5-3481-43BE-B075-6AC4EB99FB7B}.Debug|Any CPU.ActiveCfg = Debug|Any CPU
		{3D0D0EB5-3481-43BE-B075-6AC4EB99FB7B}.Debug|Any CPU.Build.0 = Debug|Any CPU
		{3D0D0EB5-3481-43BE-B075-6AC4EB99FB7B}.Release|Any CPU.ActiveCfg = Release|Any CPU
		{3D0D0EB5-3481-43BE-B075-6AC4EB99FB7B}.Release|Any CPU.Build.0 = Release|Any CPU
		{DB801BB2-1A26-42D6-A80F-29FD7A9EEDCE}.Debug|Any CPU.ActiveCfg = Debug|Any CPU
		{DB801BB2-1A26-42D6-A80F-29FD7A9EEDCE}.Debug|Any CPU.Build.0 = Debug|Any CPU
		{DB801BB2-1A26-42D6-A80F-29FD7A9EEDCE}.Release|Any CPU.ActiveCfg = Release|Any CPU
		{DB801BB2-1A26-42D6-A80F-29FD7A9EEDCE}.Release|Any CPU.Build.0 = Release|Any CPU
	EndGlobalSection
	GlobalSection(SolutionProperties) = preSolution
		HideSolutionNode = FALSE
	EndGlobalSection
	GlobalSection(NestedProjects) = preSolution
		{8F60A7BF-DA72-4F73-9692-D2FF470D5367} = {2CDACAF3-F9E4-44A6-B6C2-E47CA8B2119A}
		{736B9E42-48D1-4316-A89C-41E10B96C391} = {8F60A7BF-DA72-4F73-9692-D2FF470D5367}
		{41664E1D-8283-479D-806B-AA1785AF6001} = {2CDACAF3-F9E4-44A6-B6C2-E47CA8B2119A}
		{92C8A123-80C8-48A2-BFDD-B70198113C98} = {8F60A7BF-DA72-4F73-9692-D2FF470D5367}
		{92BB4EE8-77A0-4A7A-88B7-F61BC61BE732} = {92C8A123-80C8-48A2-BFDD-B70198113C98}
		{8BF6174E-FBBC-4953-A2E0-5CAC22618EFD} = {2CDACAF3-F9E4-44A6-B6C2-E47CA8B2119A}
		{92D8C5C6-7C4B-4BD2-B2ED-50FEACAFF704} = {26AD865E-87CF-406D-A562-CDE028BA4BF4}
		{AE32BCB7-3B92-41A0-9928-18866A73B3E3} = {41664E1D-8283-479D-806B-AA1785AF6001}
		{BC4FCD2D-068A-405C-8710-A3A3CD70F73A} = {736B9E42-48D1-4316-A89C-41E10B96C391}
		{A67608C0-2C7D-4581-A8EC-A0087010CFDA} = {13F70F1E-0081-4A75-BBC6-3FF1ADBCE37E}
		{101571E9-A5D9-453A-BDA9-9C9C78851090} = {8F60A7BF-DA72-4F73-9692-D2FF470D5367}
		{1A5C6085-397B-4F08-BBC6-25A58AC63672} = {6E9EFB97-56E4-4070-B38E-1C2C540F07BC}
		{13F70F1E-0081-4A75-BBC6-3FF1ADBCE37E} = {8F60A7BF-DA72-4F73-9692-D2FF470D5367}
		{67A54E8A-A82A-480F-8186-6CB37A201AF2} = {C23D1DDF-2A3B-4000-BB42-A51260624848}
		{F5BAB465-B3D2-46DB-87C4-3D6599A63059} = {C23D1DDF-2A3B-4000-BB42-A51260624848}
		{DF8AC137-BB67-439C-92F6-C5608E8FAAF9} = {101571E9-A5D9-453A-BDA9-9C9C78851090}
		{99CDCD2A-E1FD-493A-BCDC-4A0179BD179E} = {DF8AC137-BB67-439C-92F6-C5608E8FAAF9}
		{8D18A68E-A397-401B-96E1-B6945703B329} = {DF8AC137-BB67-439C-92F6-C5608E8FAAF9}
		{EA863F9A-E447-40FE-9F65-58EFE19AD728} = {DF8AC137-BB67-439C-92F6-C5608E8FAAF9}
		{C23D1DDF-2A3B-4000-BB42-A51260624848} = {101571E9-A5D9-453A-BDA9-9C9C78851090}
		{6E9EFB97-56E4-4070-B38E-1C2C540F07BC} = {101571E9-A5D9-453A-BDA9-9C9C78851090}
		{3D0D0EB5-3481-43BE-B075-6AC4EB99FB7B} = {AB1413F0-5E2B-4666-AE7B-8272C9175329}
		{AB1413F0-5E2B-4666-AE7B-8272C9175329} = {736B9E42-48D1-4316-A89C-41E10B96C391}
		{01C32C77-FD2B-4E0F-8034-93ED49B6158D} = {736B9E42-48D1-4316-A89C-41E10B96C391}
		{26AD865E-87CF-406D-A562-CDE028BA4BF4} = {736B9E42-48D1-4316-A89C-41E10B96C391}
		{DB801BB2-1A26-42D6-A80F-29FD7A9EEDCE} = {AB1413F0-5E2B-4666-AE7B-8272C9175329}
	EndGlobalSection
	GlobalSection(ExtensibilityGlobals) = postSolution
		SolutionGuid = {B8A64823-3E0F-4D0A-A933-E1142CC957D6}
	EndGlobalSection
EndGlobal
